
Microsoft Visual Studio Solution File, Format Version 11.00
# Visual Studio 2010
Project("{FAE04EC0-301F-11D3-BF4B-00C04F79EFBC}") = "Assembly-CSharp", "Assembly-CSharp.csproj", "{DC61968F-B0A0-E7EA-CBA3-4AC95CF49B62}"
EndProject
Global
	GlobalSection(SolutionConfigurationPlatforms) = preSolution
		Debug|Any CPU = Debug|Any CPU
		Release|Any CPU = Release|Any CPU
	EndGlobalSection
	GlobalSection(ProjectConfigurationPlatforms) = postSolution
		{DC61968F-B0A0-E7EA-CBA3-4AC95CF49B62}.Debug|Any CPU.ActiveCfg = Debug|Any CPU
		{DC61968F-B0A0-E7EA-CBA3-4AC95CF49B62}.Debug|Any CPU.Build.0 = Debug|Any CPU
		{DC61968F-B0A0-E7EA-CBA3-4AC95CF49B62}.Release|Any CPU.ActiveCfg = Release|Any CPU
		{DC61968F-B0A0-E7EA-CBA3-4AC95CF49B62}.Release|Any CPU.Build.0 = Release|Any CPU
	EndGlobalSection
	GlobalSection(SolutionProperties) = preSolution
		HideSolutionNode = FALSE
	EndGlobalSection
EndGlobal
